{
  "version": 4,
  "terraform_version": "1.5.6",
  "serial": 19,
  "lineage": "58640916-2628-af6a-9d7e-a9d987d60c67",
  "outputs": {},
  "resources": [
    {
      "mode": "data",
      "type": "openstack_images_image_ids_v2",
      "name": "custom_image",
      "provider": "provider[\"registry.terraform.io/terraform-provider-openstack/openstack\"]",
      "instances": [
        {
          "schema_version": 0,
          "attributes": {
            "id": "511026553",
            "ids": [
              "1ff369f8-4ed4-462c-b6e8-1d4af81582b7"
            ],
            "member_status": null,
            "name": "Centos79",
            "name_regex": null,
            "owner": null,
            "properties": null,
            "region": "IAD3",
            "size_max": null,
            "size_min": null,
            "sort": "name:asc",
            "sort_direction": null,
            "sort_key": null,
            "tag": null,
            "tags": null,
            "visibility": null
          },
          "sensitive_attributes": []
        }
      ]
    },
    {
      "mode": "managed",
      "type": "openstack_compute_instance_v2",
      "name": "example_vm",
      "provider": "provider[\"registry.terraform.io/terraform-provider-openstack/openstack\"]",
      "instances": [
        {
          "index_key": 0,
          "schema_version": 0,
          "attributes": {
            "access_ip_v4": "213.165.232.88",
            "access_ip_v6": "",
            "admin_pass": null,
            "all_metadata": {},
            "all_tags": [],
            "availability_zone": "nova",
            "availability_zone_hints": null,
            "block_device": [],
            "config_drive": null,
            "created": "2023-09-15 19:03:35 +0000 UTC",
            "flavor_id": "gen.nano",
            "flavor_name": "gen.nano",
            "floating_ip": null,
            "force_delete": false,
            "id": "2b813673-a11b-4b71-a875-a105bf8420fb",
            "image_id": "1ff369f8-4ed4-462c-b6e8-1d4af81582b7",
            "image_name": "Centos79",
            "key_pair": "",
            "metadata": null,
            "name": "eir-vm",
            "network": [
              {
                "access_network": false,
                "fixed_ip_v4": "213.165.232.88",
                "fixed_ip_v6": "",
                "floating_ip": "",
                "mac": "fa:16:3e:31:25:f5",
                "name": "External",
                "port": "",
                "uuid": "c705fd99-bc0f-460f-940f-6bdb9fd54e84"
              }
            ],
            "network_mode": null,
            "personality": [],
            "power_state": "active",
            "region": "IAD3",
            "scheduler_hints": [],
            "security_groups": [
              "default"
            ],
            "stop_before_destroy": false,
            "tags": null,
            "timeouts": null,
            "updated": "2023-09-15 19:04:17 +0000 UTC",
            "user_data": null,
            "vendor_options": [],
            "volume": []
          },
          "sensitive_attributes": [],
          "private": "eyJlMmJmYjczMC1lY2FhLTExZTYtOGY4OC0zNDM2M2JjN2M0YzAiOnsiY3JlYXRlIjoxODAwMDAwMDAwMDAwLCJkZWxldGUiOjE4MDAwMDAwMDAwMDAsInVwZGF0ZSI6MTgwMDAwMDAwMDAwMH19",
          "dependencies": [
            "data.openstack_images_image_ids_v2.custom_image"
          ]
        },
        {
          "index_key": 1,
          "schema_version": 0,
          "attributes": {
            "access_ip_v4": "213.165.232.89",
            "access_ip_v6": "",
            "admin_pass": null,
            "all_metadata": {},
            "all_tags": [],
            "availability_zone": "nova",
            "availability_zone_hints": null,
            "block_device": [],
            "config_drive": null,
            "created": "2023-09-15 19:03:35 +0000 UTC",
            "flavor_id": "gen.nano",
            "flavor_name": "gen.nano",
            "floating_ip": null,
            "force_delete": false,
            "id": "cb767526-0536-4d40-a86c-e840d8794bc8",
            "image_id": "1ff369f8-4ed4-462c-b6e8-1d4af81582b7",
            "image_name": "Centos79",
            "key_pair": "",
            "metadata": null,
            "name": "eir-vm",
            "network": [
              {
                "access_network": false,
                "fixed_ip_v4": "213.165.232.89",
                "fixed_ip_v6": "",
                "floating_ip": "",
                "mac": "fa:16:3e:a2:8e:4d",
                "name": "External",
                "port": "",
                "uuid": "c705fd99-bc0f-460f-940f-6bdb9fd54e84"
              }
            ],
            "network_mode": null,
            "personality": [],
            "power_state": "active",
            "region": "IAD3",
            "scheduler_hints": [],
            "security_groups": [
              "default"
            ],
            "stop_before_destroy": false,
            "tags": null,
            "timeouts": null,
            "updated": "2023-09-15 19:04:12 +0000 UTC",
            "user_data": null,
            "vendor_options": [],
            "volume": []
          },
          "sensitive_attributes": [],
          "private": "eyJlMmJmYjczMC1lY2FhLTExZTYtOGY4OC0zNDM2M2JjN2M0YzAiOnsiY3JlYXRlIjoxODAwMDAwMDAwMDAwLCJkZWxldGUiOjE4MDAwMDAwMDAwMDAsInVwZGF0ZSI6MTgwMDAwMDAwMDAwMH19",
          "dependencies": [
            "data.openstack_images_image_ids_v2.custom_image"
          ]
        },
        {
          "index_key": 2,
          "schema_version": 0,
          "attributes": {
            "access_ip_v4": "213.165.232.87",
            "access_ip_v6": "",
            "admin_pass": null,
            "all_metadata": {},
            "all_tags": [],
            "availability_zone": "nova",
            "availability_zone_hints": null,
            "block_device": [],
            "config_drive": null,
            "created": "2023-09-15 19:03:35 +0000 UTC",
            "flavor_id": "gen.nano",
            "flavor_name": "gen.nano",
            "floating_ip": null,
            "force_delete": false,
            "id": "15ff25a2-4823-42a0-89c6-a03121ba949d",
            "image_id": "1ff369f8-4ed4-462c-b6e8-1d4af81582b7",
            "image_name": "Centos79",
            "key_pair": "",
            "metadata": null,
            "name": "eir-vm",
            "network": [
              {
                "access_network": false,
                "fixed_ip_v4": "213.165.232.87",
                "fixed_ip_v6": "",
                "floating_ip": "",
                "mac": "fa:16:3e:97:94:d1",
                "name": "External",
                "port": "",
                "uuid": "c705fd99-bc0f-460f-940f-6bdb9fd54e84"
              }
            ],
            "network_mode": null,
            "personality": [],
            "power_state": "active",
            "region": "IAD3",
            "scheduler_hints": [],
            "security_groups": [
              "default"
            ],
            "stop_before_destroy": false,
            "tags": null,
            "timeouts": null,
            "updated": "2023-09-15 19:04:15 +0000 UTC",
            "user_data": null,
            "vendor_options": [],
            "volume": []
          },
          "sensitive_attributes": [],
          "private": "eyJlMmJmYjczMC1lY2FhLTExZTYtOGY4OC0zNDM2M2JjN2M0YzAiOnsiY3JlYXRlIjoxODAwMDAwMDAwMDAwLCJkZWxldGUiOjE4MDAwMDAwMDAwMDAsInVwZGF0ZSI6MTgwMDAwMDAwMDAwMH19",
          "dependencies": [
            "data.openstack_images_image_ids_v2.custom_image"
          ]
        },
        {
          "index_key": 3,
          "schema_version": 0,
          "attributes": {
            "access_ip_v4": "213.165.232.86",
            "access_ip_v6": "",
            "admin_pass": null,
            "all_metadata": {},
            "all_tags": [],
            "availability_zone": "nova",
            "availability_zone_hints": null,
            "block_device": [],
            "config_drive": null,
            "created": "2023-09-15 19:03:35 +0000 UTC",
            "flavor_id": "gen.nano",
            "flavor_name": "gen.nano",
            "floating_ip": null,
            "force_delete": false,
            "id": "8ecbe396-8dfa-4cf2-bae2-c0bb27581430",
            "image_id": "1ff369f8-4ed4-462c-b6e8-1d4af81582b7",
            "image_name": "Centos79",
            "key_pair": "",
            "metadata": null,
            "name": "eir-vm",
            "network": [
              {
                "access_network": false,
                "fixed_ip_v4": "213.165.232.86",
                "fixed_ip_v6": "",
                "floating_ip": "",
                "mac": "fa:16:3e:9b:5d:1f",
                "name": "External",
                "port": "",
                "uuid": "c705fd99-bc0f-460f-940f-6bdb9fd54e84"
              }
            ],
            "network_mode": null,
            "personality": [],
            "power_state": "active",
            "region": "IAD3",
            "scheduler_hints": [],
            "security_groups": [
              "default"
            ],
            "stop_before_destroy": false,
            "tags": null,
            "timeouts": null,
            "updated": "2023-09-15 19:04:16 +0000 UTC",
            "user_data": null,
            "vendor_options": [],
            "volume": []
          },
          "sensitive_attributes": [],
          "private": "eyJlMmJmYjczMC1lY2FhLTExZTYtOGY4OC0zNDM2M2JjN2M0YzAiOnsiY3JlYXRlIjoxODAwMDAwMDAwMDAwLCJkZWxldGUiOjE4MDAwMDAwMDAwMDAsInVwZGF0ZSI6MTgwMDAwMDAwMDAwMH19",
          "dependencies": [
            "data.openstack_images_image_ids_v2.custom_image"
          ]
        },
        {
          "index_key": 4,
          "schema_version": 0,
          "attributes": {
            "access_ip_v4": "213.165.232.93",
            "access_ip_v6": "",
            "admin_pass": null,
            "all_metadata": {},
            "all_tags": [],
            "availability_zone": "nova",
            "availability_zone_hints": null,
            "block_device": [],
            "config_drive": null,
            "created": "2023-09-15 19:03:35 +0000 UTC",
            "flavor_id": "gen.nano",
            "flavor_name": "gen.nano",
            "floating_ip": null,
            "force_delete": false,
            "id": "88d79ce8-67e4-4791-8f4d-e9a97ae82ea6",
            "image_id": "1ff369f8-4ed4-462c-b6e8-1d4af81582b7",
            "image_name": "Centos79",
            "key_pair": "",
            "metadata": null,
            "name": "eir-vm",
            "network": [
              {
                "access_network": false,
                "fixed_ip_v4": "213.165.232.93",
                "fixed_ip_v6": "",
                "floating_ip": "",
                "mac": "fa:16:3e:3f:97:b9",
                "name": "External",
                "port": "",
                "uuid": "c705fd99-bc0f-460f-940f-6bdb9fd54e84"
              }
            ],
            "network_mode": null,
            "personality": [],
            "power_state": "active",
            "region": "IAD3",
            "scheduler_hints": [],
            "security_groups": [
              "default"
            ],
            "stop_before_destroy": false,
            "tags": null,
            "timeouts": null,
            "updated": "2023-09-15 19:04:14 +0000 UTC",
            "user_data": null,
            "vendor_options": [],
            "volume": []
          },
          "sensitive_attributes": [],
          "private": "eyJlMmJmYjczMC1lY2FhLTExZTYtOGY4OC0zNDM2M2JjN2M0YzAiOnsiY3JlYXRlIjoxODAwMDAwMDAwMDAwLCJkZWxldGUiOjE4MDAwMDAwMDAwMDAsInVwZGF0ZSI6MTgwMDAwMDAwMDAwMH19",
          "dependencies": [
            "data.openstack_images_image_ids_v2.custom_image"
          ]
        }
      ]
    }
  ],
  "check_results": null
}
